// !$*UTF8*$!
{
	archiveVersion = 1;
	classes = {
	};
	objectVersion = 50;
	objects = {

/* Begin PBXBuildFile section */
		B18B969323181885007BB1B8 /* AppDelegate.swift in Sources */ = {isa = PBXBuildFile; fileRef = B18B969223181885007BB1B8 /* AppDelegate.swift */; };
		B18B969523181885007BB1B8 /* DetailsViewController.swift in Sources */ = {isa = PBXBuildFile; fileRef = B18B969423181885007BB1B8 /* DetailsViewController.swift */; };
		B18B969823181885007BB1B8 /* Main.storyboard in Resources */ = {isa = PBXBuildFile; fileRef = B18B969623181885007BB1B8 /* Main.storyboard */; };
		B18B969B23181885007BB1B8 /* Ibtikar.xcdatamodeld in Sources */ = {isa = PBXBuildFile; fileRef = B18B969923181885007BB1B8 /* Ibtikar.xcdatamodeld */; };
		B18B969D2318188C007BB1B8 /* Assets.xcassets in Resources */ = {isa = PBXBuildFile; fileRef = B18B969C2318188C007BB1B8 /* Assets.xcassets */; };
		B18B96A02318188C007BB1B8 /* LaunchScreen.storyboard in Resources */ = {isa = PBXBuildFile; fileRef = B18B969E2318188C007BB1B8 /* LaunchScreen.storyboard */; };
		B18B96A8231818E1007BB1B8 /* ApiObj.swift in Sources */ = {isa = PBXBuildFile; fileRef = B18B96A7231818E1007BB1B8 /* ApiObj.swift */; };
		B19E7765231C0FE8008197EB /* CollectionViewController.swift in Sources */ = {isa = PBXBuildFile; fileRef = B19E7760231C0FE7008197EB /* CollectionViewController.swift */; };
		B19E7766231C0FE8008197EB /* DownloadImgVC.swift in Sources */ = {isa = PBXBuildFile; fileRef = B19E7761231C0FE7008197EB /* DownloadImgVC.swift */; };
		B19E7768231C0FE8008197EB /* TableViewController.swift in Sources */ = {isa = PBXBuildFile; fileRef = B19E7763231C0FE7008197EB /* TableViewController.swift */; };
		B19E7769231C0FE8008197EB /* TableViewCell.swift in Sources */ = {isa = PBXBuildFile; fileRef = B19E7764231C0FE8008197EB /* TableViewCell.swift */; };
		CE6D373F2327EEFC00D080C2 /* TableModel.swift in Sources */ = {isa = PBXBuildFile; fileRef = CE6D373E2327EEFC00D080C2 /* TableModel.swift */; };
		CE8E68592328D8D500D8DE97 /* CollectionModel.swift in Sources */ = {isa = PBXBuildFile; fileRef = CE8E68582328D8D500D8DE97 /* CollectionModel.swift */; };
		CE8E685B2328F09A00D8DE97 /* DownloadImgModel.swift in Sources */ = {isa = PBXBuildFile; fileRef = CE8E685A2328F09A00D8DE97 /* DownloadImgModel.swift */; };
/* End PBXBuildFile section */

/* Begin PBXFileReference section */
		B18B968F23181885007BB1B8 /* Ibtikar.app */ = {isa = PBXFileReference; explicitFileType = wrapper.application; includeInIndex = 0; path = Ibtikar.app; sourceTree = BUILT_PRODUCTS_DIR; };
		B18B969223181885007BB1B8 /* AppDelegate.swift */ = {isa = PBXFileReference; lastKnownFileType = sourcecode.swift; path = AppDelegate.swift; sourceTree = "<group>"; };
		B18B969423181885007BB1B8 /* DetailsViewController.swift */ = {isa = PBXFileReference; lastKnownFileType = sourcecode.swift; path = DetailsViewController.swift; sourceTree = "<group>"; };
		B18B969723181885007BB1B8 /* Base */ = {isa = PBXFileReference; lastKnownFileType = file.storyboard; name = Base; path = Base.lproj/Main.storyboard; sourceTree = "<group>"; };
		B18B969A23181885007BB1B8 /* Ibtikar.xcdatamodel */ = {isa = PBXFileReference; lastKnownFileType = wrapper.xcdatamodel; path = Ibtikar.xcdatamodel; sourceTree = "<group>"; };
		B18B969C2318188C007BB1B8 /* Assets.xcassets */ = {isa = PBXFileReference; lastKnownFileType = folder.assetcatalog; path = Assets.xcassets; sourceTree = "<group>"; };
		B18B969F2318188C007BB1B8 /* Base */ = {isa = PBXFileReference; lastKnownFileType = file.storyboard; name = Base; path = Base.lproj/LaunchScreen.storyboard; sourceTree = "<group>"; };
		B18B96A12318188C007BB1B8 /* Info.plist */ = {isa = PBXFileReference; lastKnownFileType = text.plist.xml; path = Info.plist; sourceTree = "<group>"; };
		B18B96A7231818E1007BB1B8 /* ApiObj.swift */ = {isa = PBXFileReference; lastKnownFileType = sourcecode.swift; path = ApiObj.swift; sourceTree = "<group>"; };
		B19E7760231C0FE7008197EB /* CollectionViewController.swift */ = {isa = PBXFileReference; fileEncoding = 4; lastKnownFileType = sourcecode.swift; path = CollectionViewController.swift; sourceTree = "<group>"; };
		B19E7761231C0FE7008197EB /* DownloadImgVC.swift */ = {isa = PBXFileReference; fileEncoding = 4; lastKnownFileType = sourcecode.swift; path = DownloadImgVC.swift; sourceTree = "<group>"; };
		B19E7763231C0FE7008197EB /* TableViewController.swift */ = {isa = PBXFileReference; fileEncoding = 4; lastKnownFileType = sourcecode.swift; path = TableViewController.swift; sourceTree = "<group>"; };
		B19E7764231C0FE8008197EB /* TableViewCell.swift */ = {isa = PBXFileReference; fileEncoding = 4; lastKnownFileType = sourcecode.swift; path = TableViewCell.swift; sourceTree = "<group>"; };
		CE6D373E2327EEFC00D080C2 /* TableModel.swift */ = {isa = PBXFileReference; lastKnownFileType = sourcecode.swift; path = TableModel.swift; sourceTree = "<group>"; };
		CE8E68582328D8D500D8DE97 /* CollectionModel.swift */ = {isa = PBXFileReference; lastKnownFileType = sourcecode.swift; path = CollectionModel.swift; sourceTree = "<group>"; };
		CE8E685A2328F09A00D8DE97 /* DownloadImgModel.swift */ = {isa = PBXFileReference; lastKnownFileType = sourcecode.swift; path = DownloadImgModel.swift; sourceTree = "<group>"; };
/* End PBXFileReference section */

/* Begin PBXFrameworksBuildPhase section */
		B18B968C23181885007BB1B8 /* Frameworks */ = {
			isa = PBXFrameworksBuildPhase;
			buildActionMask = 2147483647;
			files = (
			);
			runOnlyForDeploymentPostprocessing = 0;
		};
/* End PBXFrameworksBuildPhase section */

/* Begin PBXGroup section */
		B18B968623181884007BB1B8 = {
			isa = PBXGroup;
			children = (
				CE6D373D2327EAF700D080C2 /* saveimgView */,
				CE6D373C2327EAC700D080C2 /* collectionView */,
				CE6D373B2327EA9C00D080C2 /* tableView */,
				B18B969123181885007BB1B8 /* Ibtikar */,
				B18B969023181885007BB1B8 /* Products */,
			);
			sourceTree = "<group>";
		};
		B18B969023181885007BB1B8 /* Products */ = {
			isa = PBXGroup;
			children = (
				B18B968F23181885007BB1B8 /* Ibtikar.app */,
			);
			name = Products;
			sourceTree = "<group>";
		};
		B18B969123181885007BB1B8 /* Ibtikar */ = {
			isa = PBXGroup;
			children = (
				B18B969223181885007BB1B8 /* AppDelegate.swift */,
				B18B969623181885007BB1B8 /* Main.storyboard */,
				B18B969C2318188C007BB1B8 /* Assets.xcassets */,
				B18B969E2318188C007BB1B8 /* LaunchScreen.storyboard */,
				B18B969423181885007BB1B8 /* DetailsViewController.swift */,
				B18B96A12318188C007BB1B8 /* Info.plist */,
				B18B969923181885007BB1B8 /* Ibtikar.xcdatamodeld */,
				B18B96A7231818E1007BB1B8 /* ApiObj.swift */,
			);
			path = Ibtikar;
			sourceTree = "<group>";
		};
		CE6D373B2327EA9C00D080C2 /* tableView */ = {
			isa = PBXGroup;
			children = (
				B19E7764231C0FE8008197EB /* TableViewCell.swift */,
				B19E7763231C0FE7008197EB /* TableViewController.swift */,
				CE6D373E2327EEFC00D080C2 /* TableModel.swift */,
			);
			path = tableView;
			sourceTree = "<group>";
		};
		CE6D373C2327EAC700D080C2 /* collectionView */ = {
			isa = PBXGroup;
			children = (
				B19E7760231C0FE7008197EB /* CollectionViewController.swift */,
				CE8E68582328D8D500D8DE97 /* CollectionModel.swift */,
			);
			path = collectionView;
			sourceTree = "<group>";
		};
		CE6D373D2327EAF700D080C2 /* saveimgView */ = {
			isa = PBXGroup;
			children = (
				B19E7761231C0FE7008197EB /* DownloadImgVC.swift */,
				CE8E685A2328F09A00D8DE97 /* DownloadImgModel.swift */,
			);
			path = saveimgView;
			sourceTree = "<group>";
		};
/* End PBXGroup section */

/* Begin PBXNativeTarget section */
		B18B968E23181885007BB1B8 /* Ibtikar */ = {
			isa = PBXNativeTarget;
			buildConfigurationList = B18B96A42318188C007BB1B8 /* Build configuration list for PBXNativeTarget "Ibtikar" */;
			buildPhases = (
				B18B968B23181885007BB1B8 /* Sources */,
				B18B968C23181885007BB1B8 /* Frameworks */,
				B18B968D23181885007BB1B8 /* Resources */,
			);
			buildRules = (
			);
			dependencies = (
			);
			name = Ibtikar;
			productName = Ibtikar;
			productReference = B18B968F23181885007BB1B8 /* Ibtikar.app */;
			productType = "com.apple.product-type.application";
		};
/* End PBXNativeTarget section */

/* Begin PBXProject section */
		B18B968723181884007BB1B8 /* Project object */ = {
			isa = PBXProject;
			attributes = {
				LastSwiftUpdateCheck = 1010;
				LastUpgradeCheck = 1010;
				ORGANIZATIONNAME = "Esraa Mohamed";
				TargetAttributes = {
					B18B968E23181885007BB1B8 = {
						CreatedOnToolsVersion = 10.1;
					};
				};
			};
			buildConfigurationList = B18B968A23181884007BB1B8 /* Build configuration list for PBXProject "Ibtikar" */;
			compatibilityVersion = "Xcode 9.3";
			developmentRegion = en;
			hasScannedForEncodings = 0;
			knownRegions = (
				en,
				Base,
			);
			mainGroup = B18B968623181884007BB1B8;
			productRefGroup = B18B969023181885007BB1B8 /* Products */;
			projectDirPath = "";
			projectRoot = "";
			targets = (
				B18B968E23181885007BB1B8 /* Ibtikar */,
			);
		};
/* End PBXProject section */

/* Begin PBXResourcesBuildPhase section */
		B18B968D23181885007BB1B8 /* Resources */ = {
			isa = PBXResourcesBuildPhase;
			buildActionMask = 2147483647;
			files = (
				B18B96A02318188C007BB1B8 /* LaunchScreen.storyboard in Resources */,
				B18B969D2318188C007BB1B8 /* Assets.xcassets in Resources */,
				B18B969823181885007BB1B8 /* Main.storyboard in Resources */,
			);
			runOnlyForDeploymentPostprocessing = 0;
		};
/* End PBXResourcesBuildPhase section */

/* Begin PBXSourcesBuildPhase section */
		B18B968B23181885007BB1B8 /* Sources */ = {
			isa = PBXSourcesBuildPhase;
			buildActionMask = 2147483647;
			files = (
				B19E7769231C0FE8008197EB /* TableViewCell.swift in Sources */,
				CE8E685B2328F09A00D8DE97 /* DownloadImgModel.swift in Sources */,
				CE6D373F2327EEFC00D080C2 /* TableModel.swift in Sources */,
				B19E7765231C0FE8008197EB /* CollectionViewController.swift in Sources */,
				B18B96A8231818E1007BB1B8 /* ApiObj.swift in Sources */,
				B18B969523181885007BB1B8 /* DetailsViewController.swift in Sources */,
				B19E7768231C0FE8008197EB /* TableViewController.swift in Sources */,
				B18B969B23181885007BB1B8 /* Ibtikar.xcdatamodeld in Sources */,
				CE8E68592328D8D500D8DE97 /* CollectionModel.swift in Sources */,
				B19E7766231C0FE8008197EB /* DownloadImgVC.swift in Sources */,
				B18B969323181885007BB1B8 /* AppDelegate.swift in Sources */,
			);
			runOnlyForDeploymentPostprocessing = 0;
		};
/* End PBXSourcesBuildPhase section */

/* Begin PBXVariantGroup section */
		B18B969623181885007BB1B8 /* Main.storyboard */ = {
			isa = PBXVariantGroup;
			children = (
				B18B969723181885007BB1B8 /* Base */,
			);
			name = Main.storyboard;
			sourceTree = "<group>";
		};
		B18B969E2318188C007BB1B8 /* LaunchScreen.storyboard */ = {
			isa = PBXVariantGroup;
			children = (
				B18B969F2318188C007BB1B8 /* Base */,
			);
			name = LaunchScreen.storyboard;
			sourceTree = "<group>";
		};
/* End PBXVariantGroup section */

/* Begin XCBuildConfiguration section */
		B18B96A22318188C007BB1B8 /* Debug */ = {
			isa = XCBuildConfiguration;
			buildSettings = {
				ALWAYS_SEARCH_USER_PATHS = NO;
				CLANG_ANALYZER_NONNULL = YES;
				CLANG_ANALYZER_NUMBER_OBJECT_CONVERSION = YES_AGGRESSIVE;
				CLANG_CXX_LANGUAGE_STANDARD = "gnu++14";
				CLANG_CXX_LIBRARY = "libc++";
				CLANG_ENABLE_MODULES = YES;
				CLANG_ENABLE_OBJC_ARC = YES;
				CLANG_ENABLE_OBJC_WEAK = YES;
				CLANG_WARN_BLOCK_CAPTURE_AUTORELEASING = YES;
				CLANG_WARN_BOOL_CONVERSION = YES;
				CLANG_WARN_COMMA = YES;
				CLANG_WARN_CONSTANT_CONVERSION = YES;
				CLANG_WARN_DEPRECATED_OBJC_IMPLEMENTATIONS = YES;
				CLANG_WARN_DIRECT_OBJC_ISA_USAGE = YES_ERROR;
				CLANG_WARN_DOCUMENTATION_COMMENTS = YES;
				CLANG_WARN_EMPTY_BODY = YES;
				CLANG_WARN_ENUM_CONVERSION = YES;
				CLANG_WARN_INFINITE_RECURSION = YES;
				CLANG_WARN_INT_CONVERSION = YES;
				CLANG_WARN_NON_LITERAL_NULL_CONVERSION = YES;
				CLANG_WARN_OBJC_IMPLICIT_RETAIN_SELF = YES;
				CLANG_WARN_OBJC_LITERAL_CONVERSION = YES;
				CLANG_WARN_OBJC_ROOT_CLASS = YES_ERROR;
				CLANG_WARN_RANGE_LOOP_ANALYSIS = YES;
				CLANG_WARN_STRICT_PROTOTYPES = YES;
				CLANG_WARN_SUSPICIOUS_MOVE = YES;
				CLANG_WARN_UNGUARDED_AVAILABILITY = YES_AGGRESSIVE;
				CLANG_WARN_UNREACHABLE_CODE = YES;
				CLANG_WARN__DUPLICATE_METHOD_MATCH = YES;
				CODE_SIGN_IDENTITY = "iPhone Developer";
				COPY_PHASE_STRIP = NO;
				DEBUG_INFORMATION_FORMAT = dwarf;
				ENABLE_STRICT_OBJC_MSGSEND = YES;
				ENABLE_TESTABILITY = YES;
				GCC_C_LANGUAGE_STANDARD = gnu11;
				GCC_DYNAMIC_NO_PIC = NO;
				GCC_NO_COMMON_BLOCKS = YES;
				GCC_OPTIMIZATION_LEVEL = 0;
				GCC_PREPROCESSOR_DEFINITIONS = (
					"DEBUG=1",
					"$(inherited)",
				);
				GCC_WARN_64_TO_32_BIT_CONVERSION = YES;
				GCC_WARN_ABOUT_RETURN_TYPE = YES_ERROR;
				GCC_WARN_UNDECLARED_SELECTOR = YES;
				GCC_WARN_UNINITIALIZED_AUTOS = YES_AGGRESSIVE;
				GCC_WARN_UNUSED_FUNCTION = YES;
				GCC_WARN_UNUSED_VARIABLE = YES;
				IPHONEOS_DEPLOYMENT_TARGET = 12.1;
				MTL_ENABLE_DEBUG_INFO = INCLUDE_SOURCE;
				MTL_FAST_MATH = YES;
				ONLY_ACTIVE_ARCH = YES;
				SDKROOT = iphoneos;
				SWIFT_ACTIVE_COMPILATION_CONDITIONS = DEBUG;
				SWIFT_OPTIMIZATION_LEVEL = "-Onone";
			};
			name = Debug;
		};
		B18B96A32318188C007BB1B8 /* Release */ = {
			isa = XCBuildConfiguration;
			buildSettings = {
				ALWAYS_SEARCH_USER_PATHS = NO;
				CLANG_ANALYZER_NONNULL = YES;
				CLANG_ANALYZER_NUMBER_OBJECT_CONVERSION = YES_AGGRESSIVE;
				CLANG_CXX_LANGUAGE_STANDARD = "gnu++14";
				CLANG_CXX_LIBRARY = "libc++";
				CLANG_ENABLE_MODULES = YES;
				CLANG_ENABLE_OBJC_ARC = YES;
				CLANG_ENABLE_OBJC_WEAK = YES;
				CLANG_WARN_BLOCK_CAPTURE_AUTORELEASING = YES;
				CLANG_WARN_BOOL_CONVERSION = YES;
				CLANG_WARN_COMMA = YES;
				CLANG_WARN_CONSTANT_CONVERSION = YES;
				CLANG_WARN_DEPRECATED_OBJC_IMPLEMENTATIONS = YES;
				CLANG_WARN_DIRECT_OBJC_ISA_USAGE = YES_ERROR;
				CLANG_WARN_DOCUMENTATION_COMMENTS = YES;
				CLANG_WARN_EMPTY_BODY = YES;
				CLANG_WARN_ENUM_CONVERSION = YES;
				CLANG_WARN_INFINITE_RECURSION = YES;
				CLANG_WARN_INT_CONVERSION = YES;
				CLANG_WARN_NON_LITERAL_NULL_CONVERSION = YES;
				CLANG_WARN_OBJC_IMPLICIT_RETAIN_SELF = YES;
				CLANG_WARN_OBJC_LITERAL_CONVERSION = YES;
				CLANG_WARN_OBJC_ROOT_CLASS = YES_ERROR;
				CLANG_WARN_RANGE_LOOP_ANALYSIS = YES;
				CLANG_WARN_STRICT_PROTOTYPES = YES;
				CLANG_WARN_SUSPICIOUS_MOVE = YES;
				CLANG_WARN_UNGUARDED_AVAILABILITY = YES_AGGRESSIVE;
				CLANG_WARN_UNREACHABLE_CODE = YES;
				CLANG_WARN__DUPLICATE_METHOD_MATCH = YES;
				CODE_SIGN_IDENTITY = "iPhone Developer";
				COPY_PHASE_STRIP = NO;
				DEBUG_INFORMATION_FORMAT = "dwarf-with-dsym";
				ENABLE_NS_ASSERTIONS = NO;
				ENABLE_STRICT_OBJC_MSGSEND = YES;
				GCC_C_LANGUAGE_STANDARD = gnu11;
				GCC_NO_COMMON_BLOCKS = YES;
				GCC_WARN_64_TO_32_BIT_CONVERSION = YES;
				GCC_WARN_ABOUT_RETURN_TYPE = YES_ERROR;
				GCC_WARN_UNDECLARED_SELECTOR = YES;
				GCC_WARN_UNINITIALIZED_AUTOS = YES_AGGRESSIVE;
				GCC_WARN_UNUSED_FUNCTION = YES;
				GCC_WARN_UNUSED_VARIABLE = YES;
				IPHONEOS_DEPLOYMENT_TARGET = 12.1;
				MTL_ENABLE_DEBUG_INFO = NO;
				MTL_FAST_MATH = YES;
				SDKROOT = iphoneos;
				SWIFT_COMPILATION_MODE = wholemodule;
				SWIFT_OPTIMIZATION_LEVEL = "-O";
				VALIDATE_PRODUCT = YES;
			};
			name = Release;
		};
		B18B96A52318188C007BB1B8 /* Debug */ = {
			isa = XCBuildConfiguration;
			buildSettings = {
				ASSETCATALOG_COMPILER_APPICON_NAME = AppIcon;
				CODE_SIGN_STYLE = Automatic;
				INFOPLIST_FILE = Ibtikar/Info.plist;
				LD_RUNPATH_SEARCH_PATHS = (
					"$(inherited)",
					"@executable_path/Frameworks",
				);
				PRODUCT_BUNDLE_IDENTIFIER = "Esraa-Mohamed.Ibtikar";
				PRODUCT_NAME = "$(TARGET_NAME)";
				SWIFT_VERSION = 4.2;
				TARGETED_DEVICE_FAMILY = "1,2";
			};
			name = Debug;
		};
		B18B96A62318188C007BB1B8 /* Release */ = {
			isa = XCBuildConfiguration;
			buildSettings = {
				ASSETCATALOG_COMPILER_APPICON_NAME = AppIcon;
				CODE_SIGN_STYLE = Automatic;
				INFOPLIST_FILE = Ibtikar/Info.plist;
				LD_RUNPATH_SEARCH_PATHS = (
					"$(inherited)",
					"@executable_path/Frameworks",
				);
				PRODUCT_BUNDLE_IDENTIFIER = "Esraa-Mohamed.Ibtikar";
				PRODUCT_NAME = "$(TARGET_NAME)";
				SWIFT_VERSION = 4.2;
				TARGETED_DEVICE_FAMILY = "1,2";
			};
			name = Release;
		};
/* End XCBuildConfiguration section */

/* Begin XCConfigurationList section */
		B18B968A23181884007BB1B8 /* Build configuration list for PBXProject "Ibtikar" */ = {
			isa = XCConfigurationList;
			buildConfigurations = (
				B18B96A22318188C007BB1B8 /* Debug */,
				B18B96A32318188C007BB1B8 /* Release */,
			);
			defaultConfigurationIsVisible = 0;
			defaultConfigurationName = Release;
		};
		B18B96A42318188C007BB1B8 /* Build configuration list for PBXNativeTarget "Ibtikar" */ = {
			isa = XCConfigurationList;
			buildConfigurations = (
				B18B96A52318188C007BB1B8 /* Debug */,
				B18B96A62318188C007BB1B8 /* Release */,
			);
			defaultConfigurationIsVisible = 0;
			defaultConfigurationName = Release;
		};
/* End XCConfigurationList section */

/* Begin XCVersionGroup section */
		B18B969923181885007BB1B8 /* Ibtikar.xcdatamodeld */ = {
			isa = XCVersionGroup;
			children = (
				B18B969A23181885007BB1B8 /* Ibtikar.xcdatamodel */,
			);
			currentVersion = B18B969A23181885007BB1B8 /* Ibtikar.xcdatamodel */;
			path = Ibtikar.xcdatamodeld;
			sourceTree = "<group>";
			versionGroupType = wrapper.xcdatamodel;
		};
/* End XCVersionGroup section */
	};
	rootObject = B18B968723181884007BB1B8 /* Project object */;
}
