// !$*UTF8*$!
{
	archiveVersion = 1;
	classes = {
	};
	objectVersion = 51;
	objects = {

/* Begin PBXBuildFile section */
		B18B969323181885007BB1B8 /* AppDelegate.swift in Sources */ = {isa = PBXBuildFile; fileRef = B18B969223181885007BB1B8 /* AppDelegate.swift */; };
		B18B969523181885007BB1B8 /* DetailsViewController.swift in Sources */ = {isa = PBXBuildFile; fileRef = B18B969423181885007BB1B8 /* DetailsViewController.swift */; };
		B18B969823181885007BB1B8 /* Main.storyboard in Resources */ = {isa = PBXBuildFile; fileRef = B18B969623181885007BB1B8 /* Main.storyboard */; };
		B18B969B23181885007BB1B8 /* Ibtikar.xcdatamodeld in Sources */ = {isa = PBXBuildFile; fileRef = B18B969923181885007BB1B8 /* Ibtikar.xcdatamodeld */; };
		B18B969D2318188C007BB1B8 /* Assets.xcassets in Resources */ = {isa = PBXBuildFile; fileRef = B18B969C2318188C007BB1B8 /* Assets.xcassets */; };
		B18B96A02318188C007BB1B8 /* LaunchScreen.storyboard in Resources */ = {isa = PBXBuildFile; fileRef = B18B969E2318188C007BB1B8 /* LaunchScreen.storyboard */; };
		B18B96A8231818E1007BB1B8 /* ApiObj.swift in Sources */ = {isa = PBXBuildFile; fileRef = B18B96A7231818E1007BB1B8 /* ApiObj.swift */; };
		B19E7765231C0FE8008197EB /* CollectionViewController.swift in Sources */ = {isa = PBXBuildFile; fileRef = B19E7760231C0FE7008197EB /* CollectionViewController.swift */; };
		B19E7766231C0FE8008197EB /* DownloadImgVC.swift in Sources */ = {isa = PBXBuildFile; fileRef = B19E7761231C0FE7008197EB /* DownloadImgVC.swift */; };
		B19E7768231C0FE8008197EB /* TableViewController.swift in Sources */ = {isa = PBXBuildFile; fileRef = B19E7763231C0FE7008197EB /* TableViewController.swift */; };
		B19E7769231C0FE8008197EB /* TableViewCell.swift in Sources */ = {isa = PBXBuildFile; fileRef = B19E7764231C0FE8008197EB /* TableViewCell.swift */; };
		BA86DD4A1AD1313BDC84620B /* Pods_Ibtikar.framework in Frameworks */ = {isa = PBXBuildFile; fileRef = FE2D412D86583FEEFBA1D1A7 /* Pods_Ibtikar.framework */; };
		CE1190B3233BAE3E0065005F /* twoPages.json in Resources */ = {isa = PBXBuildFile; fileRef = CE1190AE233BAE3E0065005F /* twoPages.json */; };
		CE1190B4233BAE3E0065005F /* LoadMoreTest.swift in Sources */ = {isa = PBXBuildFile; fileRef = CE1190AF233BAE3E0065005F /* LoadMoreTest.swift */; };
		CE1190B5233BAE3E0065005F /* LoadFirstPageTest.swift in Sources */ = {isa = PBXBuildFile; fileRef = CE1190B0233BAE3E0065005F /* LoadFirstPageTest.swift */; };
		CE1190B6233BAE3E0065005F /* firstPage.json in Resources */ = {isa = PBXBuildFile; fileRef = CE1190B1233BAE3E0065005F /* firstPage.json */; };
		CE1190B8233BAE9C0065005F /* firstPage.json in Resources */ = {isa = PBXBuildFile; fileRef = CE1190B1233BAE3E0065005F /* firstPage.json */; };
		CE1190B9233BAE9C0065005F /* twoPages.json in Resources */ = {isa = PBXBuildFile; fileRef = CE1190AE233BAE3E0065005F /* twoPages.json */; };
		CE6D373F2327EEFC00D080C2 /* TableModel.swift in Sources */ = {isa = PBXBuildFile; fileRef = CE6D373E2327EEFC00D080C2 /* TableModel.swift */; };
		CE8E68592328D8D500D8DE97 /* CollectionModel.swift in Sources */ = {isa = PBXBuildFile; fileRef = CE8E68582328D8D500D8DE97 /* CollectionModel.swift */; };
		CE8E685B2328F09A00D8DE97 /* DownloadImgModel.swift in Sources */ = {isa = PBXBuildFile; fileRef = CE8E685A2328F09A00D8DE97 /* DownloadImgModel.swift */; };
		CE906A68232A730A00691AFE /* PeopleViewController.swift in Sources */ = {isa = PBXBuildFile; fileRef = CE906A67232A730A00691AFE /* PeopleViewController.swift */; };
		CE906A6B232A79EC00691AFE /* PeopleTableViewCell.swift in Sources */ = {isa = PBXBuildFile; fileRef = CE906A69232A79EB00691AFE /* PeopleTableViewCell.swift */; };
		CE906A6C232A79EC00691AFE /* PeopleTableViewCell.xib in Resources */ = {isa = PBXBuildFile; fileRef = CE906A6A232A79EC00691AFE /* PeopleTableViewCell.xib */; };
		CE906A6E232A7E6100691AFE /* PeopleTableViewCellModel.swift in Sources */ = {isa = PBXBuildFile; fileRef = CE906A6D232A7E6100691AFE /* PeopleTableViewCellModel.swift */; };
		CEAF0DFC232E83BE003FE337 /* PeoplePresenter.swift in Sources */ = {isa = PBXBuildFile; fileRef = CEAF0DFB232E83BE003FE337 /* PeoplePresenter.swift */; };
		CEAF0DFE232E83EC003FE337 /* PeopleTableViewModelProtocol.swift in Sources */ = {isa = PBXBuildFile; fileRef = CEAF0DFD232E83EC003FE337 /* PeopleTableViewModelProtocol.swift */; };
		CEAF0E00232E8443003FE337 /* PeopleTableViewProtocol.swift in Sources */ = {isa = PBXBuildFile; fileRef = CEAF0DFF232E8443003FE337 /* PeopleTableViewProtocol.swift */; };
		CEBBDC50232F8769009568B8 /* ActorCollectionModelProtocol.swift in Sources */ = {isa = PBXBuildFile; fileRef = CEBBDC4F232F8769009568B8 /* ActorCollectionModelProtocol.swift */; };
		CEBBDC52232F87BE009568B8 /* ActorCollectionViewProtocol.swift in Sources */ = {isa = PBXBuildFile; fileRef = CEBBDC51232F87BE009568B8 /* ActorCollectionViewProtocol.swift */; };
		CEBBDC54232F8B24009568B8 /* ActorPresenter.swift in Sources */ = {isa = PBXBuildFile; fileRef = CEBBDC53232F8B24009568B8 /* ActorPresenter.swift */; };
		CEBBDC56232FDB28009568B8 /* DownloadPresenter.swift in Sources */ = {isa = PBXBuildFile; fileRef = CEBBDC55232FDB28009568B8 /* DownloadPresenter.swift */; };
		CEBBDC58232FDB8F009568B8 /* DownloadModelProtocol.swift in Sources */ = {isa = PBXBuildFile; fileRef = CEBBDC57232FDB8F009568B8 /* DownloadModelProtocol.swift */; };
		CEBBDC5A232FDBD8009568B8 /* DownloadViewProtocol.swift in Sources */ = {isa = PBXBuildFile; fileRef = CEBBDC59232FDBD8009568B8 /* DownloadViewProtocol.swift */; };
/* End PBXBuildFile section */

/* Begin PBXContainerItemProxy section */
		CE1190A8233BADA10065005F /* PBXContainerItemProxy */ = {
			isa = PBXContainerItemProxy;
			containerPortal = B18B968723181884007BB1B8 /* Project object */;
			proxyType = 1;
			remoteGlobalIDString = B18B968E23181885007BB1B8;
			remoteInfo = Ibtikar;
		};
/* End PBXContainerItemProxy section */

/* Begin PBXFileReference section */
		675F10BD28C7FCC73BB66DF5 /* Pods-Ibtikar.release.xcconfig */ = {isa = PBXFileReference; includeInIndex = 1; lastKnownFileType = text.xcconfig; name = "Pods-Ibtikar.release.xcconfig"; path = "Target Support Files/Pods-Ibtikar/Pods-Ibtikar.release.xcconfig"; sourceTree = "<group>"; };
		B18B968F23181885007BB1B8 /* Ibtikar.app */ = {isa = PBXFileReference; explicitFileType = wrapper.application; includeInIndex = 0; path = Ibtikar.app; sourceTree = BUILT_PRODUCTS_DIR; };
		B18B969223181885007BB1B8 /* AppDelegate.swift */ = {isa = PBXFileReference; lastKnownFileType = sourcecode.swift; path = AppDelegate.swift; sourceTree = "<group>"; };
		B18B969423181885007BB1B8 /* DetailsViewController.swift */ = {isa = PBXFileReference; lastKnownFileType = sourcecode.swift; path = DetailsViewController.swift; sourceTree = "<group>"; };
		B18B969723181885007BB1B8 /* Base */ = {isa = PBXFileReference; lastKnownFileType = file.storyboard; name = Base; path = Base.lproj/Main.storyboard; sourceTree = "<group>"; };
		B18B969A23181885007BB1B8 /* Ibtikar.xcdatamodel */ = {isa = PBXFileReference; lastKnownFileType = wrapper.xcdatamodel; path = Ibtikar.xcdatamodel; sourceTree = "<group>"; };
		B18B969C2318188C007BB1B8 /* Assets.xcassets */ = {isa = PBXFileReference; lastKnownFileType = folder.assetcatalog; path = Assets.xcassets; sourceTree = "<group>"; };
		B18B969F2318188C007BB1B8 /* Base */ = {isa = PBXFileReference; lastKnownFileType = file.storyboard; name = Base; path = Base.lproj/LaunchScreen.storyboard; sourceTree = "<group>"; };
		B18B96A12318188C007BB1B8 /* Info.plist */ = {isa = PBXFileReference; lastKnownFileType = text.plist.xml; path = Info.plist; sourceTree = "<group>"; };
		B18B96A7231818E1007BB1B8 /* ApiObj.swift */ = {isa = PBXFileReference; lastKnownFileType = sourcecode.swift; path = ApiObj.swift; sourceTree = "<group>"; };
		B19E7760231C0FE7008197EB /* CollectionViewController.swift */ = {isa = PBXFileReference; fileEncoding = 4; lastKnownFileType = sourcecode.swift; path = CollectionViewController.swift; sourceTree = "<group>"; };
		B19E7761231C0FE7008197EB /* DownloadImgVC.swift */ = {isa = PBXFileReference; fileEncoding = 4; lastKnownFileType = sourcecode.swift; path = DownloadImgVC.swift; sourceTree = "<group>"; };
		B19E7763231C0FE7008197EB /* TableViewController.swift */ = {isa = PBXFileReference; fileEncoding = 4; lastKnownFileType = sourcecode.swift; path = TableViewController.swift; sourceTree = "<group>"; };
		B19E7764231C0FE8008197EB /* TableViewCell.swift */ = {isa = PBXFileReference; fileEncoding = 4; lastKnownFileType = sourcecode.swift; path = TableViewCell.swift; sourceTree = "<group>"; };
		BFA4A0C254CA42D8D56AB7F1 /* Pods-Ibtikar.debug.xcconfig */ = {isa = PBXFileReference; includeInIndex = 1; lastKnownFileType = text.xcconfig; name = "Pods-Ibtikar.debug.xcconfig"; path = "Target Support Files/Pods-Ibtikar/Pods-Ibtikar.debug.xcconfig"; sourceTree = "<group>"; };
		CE1190A3233BADA10065005F /* IbtikarTests.xctest */ = {isa = PBXFileReference; explicitFileType = wrapper.cfbundle; includeInIndex = 0; path = IbtikarTests.xctest; sourceTree = BUILT_PRODUCTS_DIR; };
		CE1190A7233BADA10065005F /* Info.plist */ = {isa = PBXFileReference; lastKnownFileType = text.plist.xml; path = Info.plist; sourceTree = "<group>"; };
		CE1190AE233BAE3E0065005F /* twoPages.json */ = {isa = PBXFileReference; fileEncoding = 4; lastKnownFileType = text.json; path = twoPages.json; sourceTree = "<group>"; };
		CE1190AF233BAE3E0065005F /* LoadMoreTest.swift */ = {isa = PBXFileReference; fileEncoding = 4; lastKnownFileType = sourcecode.swift; path = LoadMoreTest.swift; sourceTree = "<group>"; };
		CE1190B0233BAE3E0065005F /* LoadFirstPageTest.swift */ = {isa = PBXFileReference; fileEncoding = 4; lastKnownFileType = sourcecode.swift; path = LoadFirstPageTest.swift; sourceTree = "<group>"; };
		CE1190B1233BAE3E0065005F /* firstPage.json */ = {isa = PBXFileReference; fileEncoding = 4; lastKnownFileType = text.json; path = firstPage.json; sourceTree = "<group>"; };
		CE6D373E2327EEFC00D080C2 /* TableModel.swift */ = {isa = PBXFileReference; lastKnownFileType = sourcecode.swift; path = TableModel.swift; sourceTree = "<group>"; };
		CE8E68582328D8D500D8DE97 /* CollectionModel.swift */ = {isa = PBXFileReference; lastKnownFileType = sourcecode.swift; path = CollectionModel.swift; sourceTree = "<group>"; };
		CE8E685A2328F09A00D8DE97 /* DownloadImgModel.swift */ = {isa = PBXFileReference; lastKnownFileType = sourcecode.swift; path = DownloadImgModel.swift; sourceTree = "<group>"; };
		CE906A67232A730A00691AFE /* PeopleViewController.swift */ = {isa = PBXFileReference; lastKnownFileType = sourcecode.swift; path = PeopleViewController.swift; sourceTree = "<group>"; };
		CE906A69232A79EB00691AFE /* PeopleTableViewCell.swift */ = {isa = PBXFileReference; lastKnownFileType = sourcecode.swift; path = PeopleTableViewCell.swift; sourceTree = "<group>"; };
		CE906A6A232A79EC00691AFE /* PeopleTableViewCell.xib */ = {isa = PBXFileReference; lastKnownFileType = file.xib; path = PeopleTableViewCell.xib; sourceTree = "<group>"; };
		CE906A6D232A7E6100691AFE /* PeopleTableViewCellModel.swift */ = {isa = PBXFileReference; lastKnownFileType = sourcecode.swift; path = PeopleTableViewCellModel.swift; sourceTree = "<group>"; };
		CEAF0DFB232E83BE003FE337 /* PeoplePresenter.swift */ = {isa = PBXFileReference; lastKnownFileType = sourcecode.swift; path = PeoplePresenter.swift; sourceTree = "<group>"; };
		CEAF0DFD232E83EC003FE337 /* PeopleTableViewModelProtocol.swift */ = {isa = PBXFileReference; lastKnownFileType = sourcecode.swift; path = PeopleTableViewModelProtocol.swift; sourceTree = "<group>"; };
		CEAF0DFF232E8443003FE337 /* PeopleTableViewProtocol.swift */ = {isa = PBXFileReference; lastKnownFileType = sourcecode.swift; path = PeopleTableViewProtocol.swift; sourceTree = "<group>"; };
		CEBBDC4F232F8769009568B8 /* ActorCollectionModelProtocol.swift */ = {isa = PBXFileReference; lastKnownFileType = sourcecode.swift; path = ActorCollectionModelProtocol.swift; sourceTree = "<group>"; };
		CEBBDC51232F87BE009568B8 /* ActorCollectionViewProtocol.swift */ = {isa = PBXFileReference; lastKnownFileType = sourcecode.swift; path = ActorCollectionViewProtocol.swift; sourceTree = "<group>"; };
		CEBBDC53232F8B24009568B8 /* ActorPresenter.swift */ = {isa = PBXFileReference; lastKnownFileType = sourcecode.swift; path = ActorPresenter.swift; sourceTree = "<group>"; };
		CEBBDC55232FDB28009568B8 /* DownloadPresenter.swift */ = {isa = PBXFileReference; lastKnownFileType = sourcecode.swift; path = DownloadPresenter.swift; sourceTree = "<group>"; };
		CEBBDC57232FDB8F009568B8 /* DownloadModelProtocol.swift */ = {isa = PBXFileReference; lastKnownFileType = sourcecode.swift; path = DownloadModelProtocol.swift; sourceTree = "<group>"; };
		CEBBDC59232FDBD8009568B8 /* DownloadViewProtocol.swift */ = {isa = PBXFileReference; lastKnownFileType = sourcecode.swift; path = DownloadViewProtocol.swift; sourceTree = "<group>"; };
		FE2D412D86583FEEFBA1D1A7 /* Pods_Ibtikar.framework */ = {isa = PBXFileReference; explicitFileType = wrapper.framework; includeInIndex = 0; path = Pods_Ibtikar.framework; sourceTree = BUILT_PRODUCTS_DIR; };
/* End PBXFileReference section */

/* Begin PBXFrameworksBuildPhase section */
		B18B968C23181885007BB1B8 /* Frameworks */ = {
			isa = PBXFrameworksBuildPhase;
			buildActionMask = 2147483647;
			files = (
				BA86DD4A1AD1313BDC84620B /* Pods_Ibtikar.framework in Frameworks */,
			);
			runOnlyForDeploymentPostprocessing = 0;
		};
		CE1190A0233BADA10065005F /* Frameworks */ = {
			isa = PBXFrameworksBuildPhase;
			buildActionMask = 2147483647;
			files = (
			);
			runOnlyForDeploymentPostprocessing = 0;
		};
/* End PBXFrameworksBuildPhase section */

/* Begin PBXGroup section */
		B18B968623181884007BB1B8 = {
			isa = PBXGroup;
			children = (
				CE6D373D2327EAF700D080C2 /* saveimgView */,
				CE6D373C2327EAC700D080C2 /* collectionView */,
				CE6D373B2327EA9C00D080C2 /* tableView */,
				B18B969123181885007BB1B8 /* Ibtikar */,
				CE1190A4233BADA10065005F /* IbtikarTests */,
				B18B969023181885007BB1B8 /* Products */,
				BB576D55F27C2F74FFCB2733 /* Pods */,
				CC3152BBD21F8FEABBAA9CDB /* Frameworks */,
			);
			sourceTree = "<group>";
		};
		B18B969023181885007BB1B8 /* Products */ = {
			isa = PBXGroup;
			children = (
				B18B968F23181885007BB1B8 /* Ibtikar.app */,
				CE1190A3233BADA10065005F /* IbtikarTests.xctest */,
			);
			name = Products;
			sourceTree = "<group>";
		};
		B18B969123181885007BB1B8 /* Ibtikar */ = {
			isa = PBXGroup;
			children = (
				B18B969223181885007BB1B8 /* AppDelegate.swift */,
				B18B969623181885007BB1B8 /* Main.storyboard */,
				B18B969C2318188C007BB1B8 /* Assets.xcassets */,
				B18B969E2318188C007BB1B8 /* LaunchScreen.storyboard */,
				B18B969423181885007BB1B8 /* DetailsViewController.swift */,
				B18B96A12318188C007BB1B8 /* Info.plist */,
				B18B969923181885007BB1B8 /* Ibtikar.xcdatamodeld */,
				B18B96A7231818E1007BB1B8 /* ApiObj.swift */,
			);
			path = Ibtikar;
			sourceTree = "<group>";
		};
		BB576D55F27C2F74FFCB2733 /* Pods */ = {
			isa = PBXGroup;
			children = (
				BFA4A0C254CA42D8D56AB7F1 /* Pods-Ibtikar.debug.xcconfig */,
				675F10BD28C7FCC73BB66DF5 /* Pods-Ibtikar.release.xcconfig */,
			);
			path = Pods;
			sourceTree = "<group>";
		};
		CC3152BBD21F8FEABBAA9CDB /* Frameworks */ = {
			isa = PBXGroup;
			children = (
				FE2D412D86583FEEFBA1D1A7 /* Pods_Ibtikar.framework */,
			);
			name = Frameworks;
			sourceTree = "<group>";
		};
		CE1190A4233BADA10065005F /* IbtikarTests */ = {
			isa = PBXGroup;
			children = (
				CE1190B1233BAE3E0065005F /* firstPage.json */,
				CE1190B0233BAE3E0065005F /* LoadFirstPageTest.swift */,
				CE1190AF233BAE3E0065005F /* LoadMoreTest.swift */,
				CE1190AE233BAE3E0065005F /* twoPages.json */,
				CE1190A7233BADA10065005F /* Info.plist */,
			);
			path = IbtikarTests;
			sourceTree = "<group>";
		};
		CE6D373B2327EA9C00D080C2 /* tableView */ = {
			isa = PBXGroup;
			children = (
				CEAF0E01232E93CD003FE337 /* cell */,
				CEAF0DFA232E8360003FE337 /* old */,
				CE6D373E2327EEFC00D080C2 /* TableModel.swift */,
				CE906A67232A730A00691AFE /* PeopleViewController.swift */,
				CEAF0DFB232E83BE003FE337 /* PeoplePresenter.swift */,
				CEAF0DFD232E83EC003FE337 /* PeopleTableViewModelProtocol.swift */,
				CEAF0DFF232E8443003FE337 /* PeopleTableViewProtocol.swift */,
			);
			path = tableView;
			sourceTree = "<group>";
		};
		CE6D373C2327EAC700D080C2 /* collectionView */ = {
			isa = PBXGroup;
			children = (
				B19E7760231C0FE7008197EB /* CollectionViewController.swift */,
				CE8E68582328D8D500D8DE97 /* CollectionModel.swift */,
				CEBBDC4F232F8769009568B8 /* ActorCollectionModelProtocol.swift */,
				CEBBDC51232F87BE009568B8 /* ActorCollectionViewProtocol.swift */,
				CEBBDC53232F8B24009568B8 /* ActorPresenter.swift */,
			);
			path = collectionView;
			sourceTree = "<group>";
		};
		CE6D373D2327EAF700D080C2 /* saveimgView */ = {
			isa = PBXGroup;
			children = (
				B19E7761231C0FE7008197EB /* DownloadImgVC.swift */,
				CE8E685A2328F09A00D8DE97 /* DownloadImgModel.swift */,
				CEBBDC55232FDB28009568B8 /* DownloadPresenter.swift */,
				CEBBDC57232FDB8F009568B8 /* DownloadModelProtocol.swift */,
				CEBBDC59232FDBD8009568B8 /* DownloadViewProtocol.swift */,
			);
			path = saveimgView;
			sourceTree = "<group>";
		};
		CEAF0DFA232E8360003FE337 /* old */ = {
			isa = PBXGroup;
			children = (
				B19E7764231C0FE8008197EB /* TableViewCell.swift */,
				B19E7763231C0FE7008197EB /* TableViewController.swift */,
			);
			path = old;
			sourceTree = "<group>";
		};
		CEAF0E01232E93CD003FE337 /* cell */ = {
			isa = PBXGroup;
			children = (
				CE906A69232A79EB00691AFE /* PeopleTableViewCell.swift */,
				CE906A6A232A79EC00691AFE /* PeopleTableViewCell.xib */,
				CE906A6D232A7E6100691AFE /* PeopleTableViewCellModel.swift */,
			);
			path = cell;
			sourceTree = "<group>";
		};
/* End PBXGroup section */

/* Begin PBXNativeTarget section */
		B18B968E23181885007BB1B8 /* Ibtikar */ = {
			isa = PBXNativeTarget;
			buildConfigurationList = B18B96A42318188C007BB1B8 /* Build configuration list for PBXNativeTarget "Ibtikar" */;
			buildPhases = (
				0A93524A3FFC2CE22D02788E /* [CP] Check Pods Manifest.lock */,
				B18B968B23181885007BB1B8 /* Sources */,
				B18B968C23181885007BB1B8 /* Frameworks */,
				B18B968D23181885007BB1B8 /* Resources */,
				FFB3805769FEC2A56E75170B /* [CP] Embed Pods Frameworks */,
			);
			buildRules = (
			);
			dependencies = (
			);
			name = Ibtikar;
			productName = Ibtikar;
			productReference = B18B968F23181885007BB1B8 /* Ibtikar.app */;
			productType = "com.apple.product-type.application";
		};
		CE1190A2233BADA10065005F /* IbtikarTests */ = {
			isa = PBXNativeTarget;
			buildConfigurationList = CE1190AA233BADA10065005F /* Build configuration list for PBXNativeTarget "IbtikarTests" */;
			buildPhases = (
				CE11909F233BADA10065005F /* Sources */,
				CE1190A0233BADA10065005F /* Frameworks */,
				CE1190A1233BADA10065005F /* Resources */,
			);
			buildRules = (
			);
			dependencies = (
				CE1190A9233BADA10065005F /* PBXTargetDependency */,
			);
			name = IbtikarTests;
			productName = IbtikarTests;
			productReference = CE1190A3233BADA10065005F /* IbtikarTests.xctest */;
			productType = "com.apple.product-type.bundle.unit-test";
		};
/* End PBXNativeTarget section */

/* Begin PBXProject section */
		B18B968723181884007BB1B8 /* Project object */ = {
			isa = PBXProject;
			attributes = {
				LastSwiftUpdateCheck = 1030;
				LastUpgradeCheck = 1010;
				ORGANIZATIONNAME = "Esraa Mohamed";
				TargetAttributes = {
					B18B968E23181885007BB1B8 = {
						CreatedOnToolsVersion = 10.1;
					};
					CE1190A2233BADA10065005F = {
						CreatedOnToolsVersion = 10.3;
						LastSwiftMigration = 1030;
						TestTargetID = B18B968E23181885007BB1B8;
					};
				};
			};
			buildConfigurationList = B18B968A23181884007BB1B8 /* Build configuration list for PBXProject "Ibtikar" */;
			compatibilityVersion = "Xcode 9.3";
			developmentRegion = en;
			hasScannedForEncodings = 0;
			knownRegions = (
				en,
				Base,
			);
			mainGroup = B18B968623181884007BB1B8;
			productRefGroup = B18B969023181885007BB1B8 /* Products */;
			projectDirPath = "";
			projectRoot = "";
			targets = (
				B18B968E23181885007BB1B8 /* Ibtikar */,
				CE1190A2233BADA10065005F /* IbtikarTests */,
			);
		};
/* End PBXProject section */

/* Begin PBXResourcesBuildPhase section */
		B18B968D23181885007BB1B8 /* Resources */ = {
			isa = PBXResourcesBuildPhase;
			buildActionMask = 2147483647;
			files = (
				CE1190B8233BAE9C0065005F /* firstPage.json in Resources */,
				CE1190B9233BAE9C0065005F /* twoPages.json in Resources */,
				CE906A6C232A79EC00691AFE /* PeopleTableViewCell.xib in Resources */,
				B18B96A02318188C007BB1B8 /* LaunchScreen.storyboard in Resources */,
				B18B969D2318188C007BB1B8 /* Assets.xcassets in Resources */,
				B18B969823181885007BB1B8 /* Main.storyboard in Resources */,
			);
			runOnlyForDeploymentPostprocessing = 0;
		};
		CE1190A1233BADA10065005F /* Resources */ = {
			isa = PBXResourcesBuildPhase;
			buildActionMask = 2147483647;
			files = (
				CE1190B3233BAE3E0065005F /* twoPages.json in Resources */,
				CE1190B6233BAE3E0065005F /* firstPage.json in Resources */,
			);
			runOnlyForDeploymentPostprocessing = 0;
		};
/* End PBXResourcesBuildPhase section */

/* Begin PBXShellScriptBuildPhase section */
		0A93524A3FFC2CE22D02788E /* [CP] Check Pods Manifest.lock */ = {
			isa = PBXShellScriptBuildPhase;
			buildActionMask = 2147483647;
			files = (
			);
			inputFileListPaths = (
			);
			inputPaths = (
				"${PODS_PODFILE_DIR_PATH}/Podfile.lock",
				"${PODS_ROOT}/Manifest.lock",
			);
			name = "[CP] Check Pods Manifest.lock";
			outputFileListPaths = (
			);
			outputPaths = (
				"$(DERIVED_FILE_DIR)/Pods-Ibtikar-checkManifestLockResult.txt",
			);
			runOnlyForDeploymentPostprocessing = 0;
			shellPath = /bin/sh;
			shellScript = "diff \"${PODS_PODFILE_DIR_PATH}/Podfile.lock\" \"${PODS_ROOT}/Manifest.lock\" > /dev/null\nif [ $? != 0 ] ; then\n    # print error to STDERR\n    echo \"error: The sandbox is not in sync with the Podfile.lock. Run 'pod install' or update your CocoaPods installation.\" >&2\n    exit 1\nfi\n# This output is used by Xcode 'outputs' to avoid re-running this script phase.\necho \"SUCCESS\" > \"${SCRIPT_OUTPUT_FILE_0}\"\n";
			showEnvVarsInLog = 0;
		};
		FFB3805769FEC2A56E75170B /* [CP] Embed Pods Frameworks */ = {
			isa = PBXShellScriptBuildPhase;
			buildActionMask = 2147483647;
			files = (
			);
			inputFileListPaths = (
				"${PODS_ROOT}/Target Support Files/Pods-Ibtikar/Pods-Ibtikar-frameworks-${CONFIGURATION}-input-files.xcfilelist",
			);
			name = "[CP] Embed Pods Frameworks";
			outputFileListPaths = (
				"${PODS_ROOT}/Target Support Files/Pods-Ibtikar/Pods-Ibtikar-frameworks-${CONFIGURATION}-output-files.xcfilelist",
			);
			runOnlyForDeploymentPostprocessing = 0;
			shellPath = /bin/sh;
			shellScript = "\"${PODS_ROOT}/Target Support Files/Pods-Ibtikar/Pods-Ibtikar-frameworks.sh\"\n";
			showEnvVarsInLog = 0;
		};
/* End PBXShellScriptBuildPhase section */

/* Begin PBXSourcesBuildPhase section */
		B18B968B23181885007BB1B8 /* Sources */ = {
			isa = PBXSourcesBuildPhase;
			buildActionMask = 2147483647;
			files = (
				CEBBDC54232F8B24009568B8 /* ActorPresenter.swift in Sources */,
				B19E7769231C0FE8008197EB /* TableViewCell.swift in Sources */,
				CEAF0DFE232E83EC003FE337 /* PeopleTableViewModelProtocol.swift in Sources */,
				CEBBDC58232FDB8F009568B8 /* DownloadModelProtocol.swift in Sources */,
				CE8E685B2328F09A00D8DE97 /* DownloadImgModel.swift in Sources */,
				CE6D373F2327EEFC00D080C2 /* TableModel.swift in Sources */,
				B19E7765231C0FE8008197EB /* CollectionViewController.swift in Sources */,
				B18B96A8231818E1007BB1B8 /* ApiObj.swift in Sources */,
				CEBBDC56232FDB28009568B8 /* DownloadPresenter.swift in Sources */,
				CE906A6B232A79EC00691AFE /* PeopleTableViewCell.swift in Sources */,
				CEBBDC52232F87BE009568B8 /* ActorCollectionViewProtocol.swift in Sources */,
				CEAF0E00232E8443003FE337 /* PeopleTableViewProtocol.swift in Sources */,
				CE906A68232A730A00691AFE /* PeopleViewController.swift in Sources */,
				CE906A6E232A7E6100691AFE /* PeopleTableViewCellModel.swift in Sources */,
				B18B969523181885007BB1B8 /* DetailsViewController.swift in Sources */,
				B19E7768231C0FE8008197EB /* TableViewController.swift in Sources */,
				B18B969B23181885007BB1B8 /* Ibtikar.xcdatamodeld in Sources */,
				CE8E68592328D8D500D8DE97 /* CollectionModel.swift in Sources */,
				CEAF0DFC232E83BE003FE337 /* PeoplePresenter.swift in Sources */,
				CEBBDC50232F8769009568B8 /* ActorCollectionModelProtocol.swift in Sources */,
				B19E7766231C0FE8008197EB /* DownloadImgVC.swift in Sources */,
				B18B969323181885007BB1B8 /* AppDelegate.swift in Sources */,
				CEBBDC5A232FDBD8009568B8 /* DownloadViewProtocol.swift in Sources */,
			);
			runOnlyForDeploymentPostprocessing = 0;
		};
		CE11909F233BADA10065005F /* Sources */ = {
			isa = PBXSourcesBuildPhase;
			buildActionMask = 2147483647;
			files = (
				CE1190B4233BAE3E0065005F /* LoadMoreTest.swift in Sources */,
				CE1190B5233BAE3E0065005F /* LoadFirstPageTest.swift in Sources */,
			);
			runOnlyForDeploymentPostprocessing = 0;
		};
/* End PBXSourcesBuildPhase section */

/* Begin PBXTargetDependency section */
		CE1190A9233BADA10065005F /* PBXTargetDependency */ = {
			isa = PBXTargetDependency;
			target = B18B968E23181885007BB1B8 /* Ibtikar */;
			targetProxy = CE1190A8233BADA10065005F /* PBXContainerItemProxy */;
		};
/* End PBXTargetDependency section */

/* Begin PBXVariantGroup section */
		B18B969623181885007BB1B8 /* Main.storyboard */ = {
			isa = PBXVariantGroup;
			children = (
				B18B969723181885007BB1B8 /* Base */,
			);
			name = Main.storyboard;
			sourceTree = "<group>";
		};
		B18B969E2318188C007BB1B8 /* LaunchScreen.storyboard */ = {
			isa = PBXVariantGroup;
			children = (
				B18B969F2318188C007BB1B8 /* Base */,
			);
			name = LaunchScreen.storyboard;
			sourceTree = "<group>";
		};
/* End PBXVariantGroup section */

/* Begin XCBuildConfiguration section */
		B18B96A22318188C007BB1B8 /* Debug */ = {
			isa = XCBuildConfiguration;
			buildSettings = {
				ALWAYS_SEARCH_USER_PATHS = NO;
				CLANG_ANALYZER_NONNULL = YES;
				CLANG_ANALYZER_NUMBER_OBJECT_CONVERSION = YES_AGGRESSIVE;
				CLANG_CXX_LANGUAGE_STANDARD = "gnu++14";
				CLANG_CXX_LIBRARY = "libc++";
				CLANG_ENABLE_MODULES = YES;
				CLANG_ENABLE_OBJC_ARC = YES;
				CLANG_ENABLE_OBJC_WEAK = YES;
				CLANG_WARN_BLOCK_CAPTURE_AUTORELEASING = YES;
				CLANG_WARN_BOOL_CONVERSION = YES;
				CLANG_WARN_COMMA = YES;
				CLANG_WARN_CONSTANT_CONVERSION = YES;
				CLANG_WARN_DEPRECATED_OBJC_IMPLEMENTATIONS = YES;
				CLANG_WARN_DIRECT_OBJC_ISA_USAGE = YES_ERROR;
				CLANG_WARN_DOCUMENTATION_COMMENTS = YES;
				CLANG_WARN_EMPTY_BODY = YES;
				CLANG_WARN_ENUM_CONVERSION = YES;
				CLANG_WARN_INFINITE_RECURSION = YES;
				CLANG_WARN_INT_CONVERSION = YES;
				CLANG_WARN_NON_LITERAL_NULL_CONVERSION = YES;
				CLANG_WARN_OBJC_IMPLICIT_RETAIN_SELF = YES;
				CLANG_WARN_OBJC_LITERAL_CONVERSION = YES;
				CLANG_WARN_OBJC_ROOT_CLASS = YES_ERROR;
				CLANG_WARN_RANGE_LOOP_ANALYSIS = YES;
				CLANG_WARN_STRICT_PROTOTYPES = YES;
				CLANG_WARN_SUSPICIOUS_MOVE = YES;
				CLANG_WARN_UNGUARDED_AVAILABILITY = YES_AGGRESSIVE;
				CLANG_WARN_UNREACHABLE_CODE = YES;
				CLANG_WARN__DUPLICATE_METHOD_MATCH = YES;
				CODE_SIGN_IDENTITY = "iPhone Developer";
				COPY_PHASE_STRIP = NO;
				DEBUG_INFORMATION_FORMAT = dwarf;
				ENABLE_STRICT_OBJC_MSGSEND = YES;
				ENABLE_TESTABILITY = YES;
				GCC_C_LANGUAGE_STANDARD = gnu11;
				GCC_DYNAMIC_NO_PIC = NO;
				GCC_NO_COMMON_BLOCKS = YES;
				GCC_OPTIMIZATION_LEVEL = 0;
				GCC_PREPROCESSOR_DEFINITIONS = (
					"DEBUG=1",
					"$(inherited)",
				);
				GCC_WARN_64_TO_32_BIT_CONVERSION = YES;
				GCC_WARN_ABOUT_RETURN_TYPE = YES_ERROR;
				GCC_WARN_UNDECLARED_SELECTOR = YES;
				GCC_WARN_UNINITIALIZED_AUTOS = YES_AGGRESSIVE;
				GCC_WARN_UNUSED_FUNCTION = YES;
				GCC_WARN_UNUSED_VARIABLE = YES;
				IPHONEOS_DEPLOYMENT_TARGET = 12.1;
				MTL_ENABLE_DEBUG_INFO = INCLUDE_SOURCE;
				MTL_FAST_MATH = YES;
				ONLY_ACTIVE_ARCH = YES;
				SDKROOT = iphoneos;
				SWIFT_ACTIVE_COMPILATION_CONDITIONS = DEBUG;
				SWIFT_OPTIMIZATION_LEVEL = "-Onone";
			};
			name = Debug;
		};
		B18B96A32318188C007BB1B8 /* Release */ = {
			isa = XCBuildConfiguration;
			buildSettings = {
				ALWAYS_SEARCH_USER_PATHS = NO;
				CLANG_ANALYZER_NONNULL = YES;
				CLANG_ANALYZER_NUMBER_OBJECT_CONVERSION = YES_AGGRESSIVE;
				CLANG_CXX_LANGUAGE_STANDARD = "gnu++14";
				CLANG_CXX_LIBRARY = "libc++";
				CLANG_ENABLE_MODULES = YES;
				CLANG_ENABLE_OBJC_ARC = YES;
				CLANG_ENABLE_OBJC_WEAK = YES;
				CLANG_WARN_BLOCK_CAPTURE_AUTORELEASING = YES;
				CLANG_WARN_BOOL_CONVERSION = YES;
				CLANG_WARN_COMMA = YES;
				CLANG_WARN_CONSTANT_CONVERSION = YES;
				CLANG_WARN_DEPRECATED_OBJC_IMPLEMENTATIONS = YES;
				CLANG_WARN_DIRECT_OBJC_ISA_USAGE = YES_ERROR;
				CLANG_WARN_DOCUMENTATION_COMMENTS = YES;
				CLANG_WARN_EMPTY_BODY = YES;
				CLANG_WARN_ENUM_CONVERSION = YES;
				CLANG_WARN_INFINITE_RECURSION = YES;
				CLANG_WARN_INT_CONVERSION = YES;
				CLANG_WARN_NON_LITERAL_NULL_CONVERSION = YES;
				CLANG_WARN_OBJC_IMPLICIT_RETAIN_SELF = YES;
				CLANG_WARN_OBJC_LITERAL_CONVERSION = YES;
				CLANG_WARN_OBJC_ROOT_CLASS = YES_ERROR;
				CLANG_WARN_RANGE_LOOP_ANALYSIS = YES;
				CLANG_WARN_STRICT_PROTOTYPES = YES;
				CLANG_WARN_SUSPICIOUS_MOVE = YES;
				CLANG_WARN_UNGUARDED_AVAILABILITY = YES_AGGRESSIVE;
				CLANG_WARN_UNREACHABLE_CODE = YES;
				CLANG_WARN__DUPLICATE_METHOD_MATCH = YES;
				CODE_SIGN_IDENTITY = "iPhone Developer";
				COPY_PHASE_STRIP = NO;
				DEBUG_INFORMATION_FORMAT = "dwarf-with-dsym";
				ENABLE_NS_ASSERTIONS = NO;
				ENABLE_STRICT_OBJC_MSGSEND = YES;
				GCC_C_LANGUAGE_STANDARD = gnu11;
				GCC_NO_COMMON_BLOCKS = YES;
				GCC_WARN_64_TO_32_BIT_CONVERSION = YES;
				GCC_WARN_ABOUT_RETURN_TYPE = YES_ERROR;
				GCC_WARN_UNDECLARED_SELECTOR = YES;
				GCC_WARN_UNINITIALIZED_AUTOS = YES_AGGRESSIVE;
				GCC_WARN_UNUSED_FUNCTION = YES;
				GCC_WARN_UNUSED_VARIABLE = YES;
				IPHONEOS_DEPLOYMENT_TARGET = 12.1;
				MTL_ENABLE_DEBUG_INFO = NO;
				MTL_FAST_MATH = YES;
				SDKROOT = iphoneos;
				SWIFT_COMPILATION_MODE = wholemodule;
				SWIFT_OPTIMIZATION_LEVEL = "-O";
				VALIDATE_PRODUCT = YES;
			};
			name = Release;
		};
		B18B96A52318188C007BB1B8 /* Debug */ = {
			isa = XCBuildConfiguration;
			baseConfigurationReference = BFA4A0C254CA42D8D56AB7F1 /* Pods-Ibtikar.debug.xcconfig */;
			buildSettings = {
				ASSETCATALOG_COMPILER_APPICON_NAME = AppIcon;
				CODE_SIGN_STYLE = Automatic;
				INFOPLIST_FILE = Ibtikar/Info.plist;
				LD_RUNPATH_SEARCH_PATHS = (
					"$(inherited)",
					"@executable_path/Frameworks",
				);
				PRODUCT_BUNDLE_IDENTIFIER = "Esraa-Mohamed.Ibtikar";
				PRODUCT_NAME = "$(TARGET_NAME)";
				SWIFT_VERSION = 4.2;
				TARGETED_DEVICE_FAMILY = "1,2";
			};
			name = Debug;
		};
		B18B96A62318188C007BB1B8 /* Release */ = {
			isa = XCBuildConfiguration;
			baseConfigurationReference = 675F10BD28C7FCC73BB66DF5 /* Pods-Ibtikar.release.xcconfig */;
			buildSettings = {
				ASSETCATALOG_COMPILER_APPICON_NAME = AppIcon;
				CODE_SIGN_STYLE = Automatic;
				INFOPLIST_FILE = Ibtikar/Info.plist;
				LD_RUNPATH_SEARCH_PATHS = (
					"$(inherited)",
					"@executable_path/Frameworks",
				);
				PRODUCT_BUNDLE_IDENTIFIER = "Esraa-Mohamed.Ibtikar";
				PRODUCT_NAME = "$(TARGET_NAME)";
				SWIFT_VERSION = 4.2;
				TARGETED_DEVICE_FAMILY = "1,2";
			};
			name = Release;
		};
		CE1190AB233BADA10065005F /* Debug */ = {
			isa = XCBuildConfiguration;
			buildSettings = {
				BUNDLE_LOADER = "$(TEST_HOST)";
				CLANG_ENABLE_MODULES = YES;
				CODE_SIGN_STYLE = Automatic;
				INFOPLIST_FILE = IbtikarTests/Info.plist;
				IPHONEOS_DEPLOYMENT_TARGET = 12.4;
				LD_RUNPATH_SEARCH_PATHS = (
					"$(inherited)",
					"@executable_path/Frameworks",
					"@loader_path/Frameworks",
				);
				PRODUCT_BUNDLE_IDENTIFIER = com.EGK.IbtikarTests;
				PRODUCT_NAME = "$(TARGET_NAME)";
				SWIFT_OPTIMIZATION_LEVEL = "-Onone";
				SWIFT_VERSION = 5.0;
				TARGETED_DEVICE_FAMILY = "1,2";
				TEST_HOST = "$(BUILT_PRODUCTS_DIR)/Ibtikar.app/Ibtikar";
			};
			name = Debug;
		};
		CE1190AC233BADA10065005F /* Release */ = {
			isa = XCBuildConfiguration;
			buildSettings = {
				BUNDLE_LOADER = "$(TEST_HOST)";
				CLANG_ENABLE_MODULES = YES;
				CODE_SIGN_STYLE = Automatic;
				INFOPLIST_FILE = IbtikarTests/Info.plist;
				IPHONEOS_DEPLOYMENT_TARGET = 12.4;
				LD_RUNPATH_SEARCH_PATHS = (
					"$(inherited)",
					"@executable_path/Frameworks",
					"@loader_path/Frameworks",
				);
				PRODUCT_BUNDLE_IDENTIFIER = com.EGK.IbtikarTests;
				PRODUCT_NAME = "$(TARGET_NAME)";
				SWIFT_VERSION = 5.0;
				TARGETED_DEVICE_FAMILY = "1,2";
				TEST_HOST = "$(BUILT_PRODUCTS_DIR)/Ibtikar.app/Ibtikar";
			};
			name = Release;
		};
/* End XCBuildConfiguration section */

/* Begin XCConfigurationList section */
		B18B968A23181884007BB1B8 /* Build configuration list for PBXProject "Ibtikar" */ = {
			isa = XCConfigurationList;
			buildConfigurations = (
				B18B96A22318188C007BB1B8 /* Debug */,
				B18B96A32318188C007BB1B8 /* Release */,
			);
			defaultConfigurationIsVisible = 0;
			defaultConfigurationName = Release;
		};
		B18B96A42318188C007BB1B8 /* Build configuration list for PBXNativeTarget "Ibtikar" */ = {
			isa = XCConfigurationList;
			buildConfigurations = (
				B18B96A52318188C007BB1B8 /* Debug */,
				B18B96A62318188C007BB1B8 /* Release */,
			);
			defaultConfigurationIsVisible = 0;
			defaultConfigurationName = Release;
		};
		CE1190AA233BADA10065005F /* Build configuration list for PBXNativeTarget "IbtikarTests" */ = {
			isa = XCConfigurationList;
			buildConfigurations = (
				CE1190AB233BADA10065005F /* Debug */,
				CE1190AC233BADA10065005F /* Release */,
			);
			defaultConfigurationIsVisible = 0;
			defaultConfigurationName = Release;
		};
/* End XCConfigurationList section */

/* Begin XCVersionGroup section */
		B18B969923181885007BB1B8 /* Ibtikar.xcdatamodeld */ = {
			isa = XCVersionGroup;
			children = (
				B18B969A23181885007BB1B8 /* Ibtikar.xcdatamodel */,
			);
			currentVersion = B18B969A23181885007BB1B8 /* Ibtikar.xcdatamodel */;
			path = Ibtikar.xcdatamodeld;
			sourceTree = "<group>";
			versionGroupType = wrapper.xcdatamodel;
		};
/* End XCVersionGroup section */
	};
	rootObject = B18B968723181884007BB1B8 /* Project object */;
}
